
Microsoft Visual Studio Solution File, Format Version 12.00
Project("{2150E333-8FDC-42A3-9474-1A3956D46DE8}") = "production", "production", "{B0C134C7-496B-4257-A000-26467900F92B}"
EndProject
Project("{FAE04EC0-301F-11D3-BF4B-00C04F79EFBC}") = "MSBuild.Extensions", "production\MSBuild.Extensions\MSBuild.Extensions.csproj", "{A2B4B13C-4AFF-4118-AEF5-341D434BED04}"
EndProject
Global
	GlobalSection(SolutionConfigurationPlatforms) = preSolution
		Debug|Any CPU = Debug|Any CPU
		Release|Any CPU = Release|Any CPU
	EndGlobalSection
	GlobalSection(NestedProjects) = preSolution
		{A2B4B13C-4AFF-4118-AEF5-341D434BED04} = {B0C134C7-496B-4257-A000-26467900F92B}
	EndGlobalSection
	GlobalSection(ProjectConfigurationPlatforms) = postSolution
		{A2B4B13C-4AFF-4118-AEF5-341D434BED04}.Debug|Any CPU.ActiveCfg = Debug|Any CPU
		{A2B4B13C-4AFF-4118-AEF5-341D434BED04}.Debug|Any CPU.Build.0 = Debug|Any CPU
		{A2B4B13C-4AFF-4118-AEF5-341D434BED04}.Release|Any CPU.ActiveCfg = Release|Any CPU
		{A2B4B13C-4AFF-4118-AEF5-341D434BED04}.Release|Any CPU.Build.0 = Release|Any CPU
	EndGlobalSection
EndGlobal
