
Microsoft Visual Studio Solution File, Format Version 12.00
Project("{2150E333-8FDC-42A3-9474-1A3956D46DE8}") = "production", "production", "{B0C134C7-496B-4257-A000-26467900F92B}"
EndProject
Project("{FAE04EC0-301F-11D3-BF4B-00C04F79EFBC}") = "Common.Tools", "production\Common.Tools\Common.Tools.csproj", "{A2B4B13C-4AFF-4118-AEF5-341D434BED04}"
EndProject
Project("{2150E333-8FDC-42A3-9474-1A3956D46DE8}") = "tests", "tests", "{ABD30745-D58D-4490-81E0-B2435506CDA1}"
EndProject
Project("{FAE04EC0-301F-11D3-BF4B-00C04F79EFBC}") = "ClassLibrary1", "tests\ClassLibrary1\ClassLibrary1.csproj", "{8B7B0730-7CFB-451A-A002-47606E825755}"
EndProject
Global
	GlobalSection(SolutionConfigurationPlatforms) = preSolution
		Debug|Any CPU = Debug|Any CPU
		Release|Any CPU = Release|Any CPU
	EndGlobalSection
	GlobalSection(NestedProjects) = preSolution
		{A2B4B13C-4AFF-4118-AEF5-341D434BED04} = {B0C134C7-496B-4257-A000-26467900F92B}
		{8B7B0730-7CFB-451A-A002-47606E825755} = {ABD30745-D58D-4490-81E0-B2435506CDA1}
	EndGlobalSection
	GlobalSection(ProjectConfigurationPlatforms) = postSolution
		{A2B4B13C-4AFF-4118-AEF5-341D434BED04}.Debug|Any CPU.ActiveCfg = Debug|Any CPU
		{A2B4B13C-4AFF-4118-AEF5-341D434BED04}.Debug|Any CPU.Build.0 = Debug|Any CPU
		{A2B4B13C-4AFF-4118-AEF5-341D434BED04}.Release|Any CPU.ActiveCfg = Release|Any CPU
		{A2B4B13C-4AFF-4118-AEF5-341D434BED04}.Release|Any CPU.Build.0 = Release|Any CPU
		{8B7B0730-7CFB-451A-A002-47606E825755}.Debug|Any CPU.ActiveCfg = Debug|Any CPU
		{8B7B0730-7CFB-451A-A002-47606E825755}.Debug|Any CPU.Build.0 = Debug|Any CPU
		{8B7B0730-7CFB-451A-A002-47606E825755}.Release|Any CPU.ActiveCfg = Release|Any CPU
		{8B7B0730-7CFB-451A-A002-47606E825755}.Release|Any CPU.Build.0 = Release|Any CPU
	EndGlobalSection
EndGlobal
